// !$*UTF8*$!
{
	archiveVersion = 1;
	classes = {
	};
	objectVersion = 56;
	objects = {

/* Begin PBXBuildFile section */
		63241AD22D4EB844000D2730 /* ToDoNotes.xcdatamodeld in Sources */ = {isa = PBXBuildFile; fileRef = 63241AD02D4EB844000D2730 /* ToDoNotes.xcdatamodeld */; };
		63247DB82D4FFD9A004883FB /* Persistence.swift in Sources */ = {isa = PBXBuildFile; fileRef = 63247DB72D4FFD9A004883FB /* Persistence.swift */; };
		63247DC62D50072E004883FB /* CoreDataExtensions.swift in Sources */ = {isa = PBXBuildFile; fileRef = 63247DC52D50072E004883FB /* CoreDataExtensions.swift */; };
		63272CFC2D4BFC28005814CC /* ActivityView.swift in Sources */ = {isa = PBXBuildFile; fileRef = 63272CFB2D4BFC28005814CC /* ActivityView.swift */; };
		633D77942D47B4CE0082122C /* ToDoListApp.swift in Sources */ = {isa = PBXBuildFile; fileRef = 633D77932D47B4CE0082122C /* ToDoListApp.swift */; };
		633D77962D47B4CE0082122C /* ToDoListView.swift in Sources */ = {isa = PBXBuildFile; fileRef = 633D77952D47B4CE0082122C /* ToDoListView.swift */; };
		633D77982D47B4D20082122C /* Assets.xcassets in Resources */ = {isa = PBXBuildFile; fileRef = 633D77972D47B4D20082122C /* Assets.xcassets */; };
		633D779B2D47B4D20082122C /* Preview Assets.xcassets in Resources */ = {isa = PBXBuildFile; fileRef = 633D779A2D47B4D20082122C /* Preview Assets.xcassets */; };
		633D77A22D47B80A0082122C /* ToDoRowView.swift in Sources */ = {isa = PBXBuildFile; fileRef = 633D77A12D47B80A0082122C /* ToDoRowView.swift */; };
		633D77A42D47B8380082122C /* Note.swift in Sources */ = {isa = PBXBuildFile; fileRef = 633D77A32D47B8380082122C /* Note.swift */; };
		633D77A62D47BDD50082122C /* Extensions.swift in Sources */ = {isa = PBXBuildFile; fileRef = 633D77A52D47BDD50082122C /* Extensions.swift */; };
		633D77AF2D47C93E0082122C /* Const.swift in Sources */ = {isa = PBXBuildFile; fileRef = 633D77AE2D47C93E0082122C /* Const.swift */; };
		6347528D2D485442009C6C99 /* ContextMenu.swift in Sources */ = {isa = PBXBuildFile; fileRef = 6347528C2D485442009C6C99 /* ContextMenu.swift */; };
		634752902D485612009C6C99 /* ContextMenuTypes.swift in Sources */ = {isa = PBXBuildFile; fileRef = 6347528F2D485612009C6C99 /* ContextMenuTypes.swift */; };
		634752922D485662009C6C99 /* HomeScreen.swift in Sources */ = {isa = PBXBuildFile; fileRef = 634752912D485662009C6C99 /* HomeScreen.swift */; };
		634752942D4856D7009C6C99 /* ToDoView.swift in Sources */ = {isa = PBXBuildFile; fileRef = 634752932D4856D7009C6C99 /* ToDoView.swift */; };
		6358F6182D50F1CC00F86178 /* Interactor.swift in Sources */ = {isa = PBXBuildFile; fileRef = 6358F6172D50F1CC00F86178 /* Interactor.swift */; };
		6358F61A2D50F1D200F86178 /* Presenter.swift in Sources */ = {isa = PBXBuildFile; fileRef = 6358F6192D50F1D200F86178 /* Presenter.swift */; };
		6358F61C2D50F74900F86178 /* CoreDataStack.swift in Sources */ = {isa = PBXBuildFile; fileRef = 6358F61B2D50F74900F86178 /* CoreDataStack.swift */; };
		636E8CFD2D518D5100E805FE /* Router.swift in Sources */ = {isa = PBXBuildFile; fileRef = 636E8CFC2D518D5100E805FE /* Router.swift */; };
		637B43CA2D503A7300841C1C /* RouterTests.swift in Sources */ = {isa = PBXBuildFile; fileRef = 637B43C92D503A7300841C1C /* RouterTests.swift */; };
		637B43D32D503AEE00841C1C /* CoreDataTest.swift in Sources */ = {isa = PBXBuildFile; fileRef = 637B43D22D503AEE00841C1C /* CoreDataTest.swift */; };
		63ECBADD2D51A8110024A168 /* NetworkService.swift in Sources */ = {isa = PBXBuildFile; fileRef = 63ECBADC2D51A8110024A168 /* NetworkService.swift */; };
		63F4C1012D504EA300081DEA /* ToDoNote+CoreDataClass.swift in Sources */ = {isa = PBXBuildFile; fileRef = 63F4C0FF2D504EA300081DEA /* ToDoNote+CoreDataClass.swift */; };
		63F4C1022D504EA300081DEA /* ToDoNote+CoreDataProperties.swift in Sources */ = {isa = PBXBuildFile; fileRef = 63F4C1002D504EA300081DEA /* ToDoNote+CoreDataProperties.swift */; };
/* End PBXBuildFile section */

/* Begin PBXContainerItemProxy section */
		637B43CB2D503A7300841C1C /* PBXContainerItemProxy */ = {
			isa = PBXContainerItemProxy;
			containerPortal = 633D77882D47B4CE0082122C /* Project object */;
			proxyType = 1;
			remoteGlobalIDString = 633D778F2D47B4CE0082122C;
			remoteInfo = ToDoList;
		};
/* End PBXContainerItemProxy section */

/* Begin PBXFileReference section */
		63241AD12D4EB844000D2730 /* ToDoNotes.xcdatamodel */ = {isa = PBXFileReference; lastKnownFileType = wrapper.xcdatamodel; path = ToDoNotes.xcdatamodel; sourceTree = "<group>"; };
		63247DB72D4FFD9A004883FB /* Persistence.swift */ = {isa = PBXFileReference; lastKnownFileType = sourcecode.swift; path = Persistence.swift; sourceTree = "<group>"; };
		63247DC52D50072E004883FB /* CoreDataExtensions.swift */ = {isa = PBXFileReference; lastKnownFileType = sourcecode.swift; path = CoreDataExtensions.swift; sourceTree = "<group>"; };
		63272CFB2D4BFC28005814CC /* ActivityView.swift */ = {isa = PBXFileReference; lastKnownFileType = sourcecode.swift; path = ActivityView.swift; sourceTree = "<group>"; };
		633D77902D47B4CE0082122C /* ToDoList.app */ = {isa = PBXFileReference; explicitFileType = wrapper.application; includeInIndex = 0; path = ToDoList.app; sourceTree = BUILT_PRODUCTS_DIR; };
		633D77932D47B4CE0082122C /* ToDoListApp.swift */ = {isa = PBXFileReference; lastKnownFileType = sourcecode.swift; path = ToDoListApp.swift; sourceTree = "<group>"; };
		633D77952D47B4CE0082122C /* ToDoListView.swift */ = {isa = PBXFileReference; lastKnownFileType = sourcecode.swift; path = ToDoListView.swift; sourceTree = "<group>"; };
		633D77972D47B4D20082122C /* Assets.xcassets */ = {isa = PBXFileReference; lastKnownFileType = folder.assetcatalog; path = Assets.xcassets; sourceTree = "<group>"; };
		633D779A2D47B4D20082122C /* Preview Assets.xcassets */ = {isa = PBXFileReference; lastKnownFileType = folder.assetcatalog; path = "Preview Assets.xcassets"; sourceTree = "<group>"; };
		633D77A12D47B80A0082122C /* ToDoRowView.swift */ = {isa = PBXFileReference; lastKnownFileType = sourcecode.swift; path = ToDoRowView.swift; sourceTree = "<group>"; };
		633D77A32D47B8380082122C /* Note.swift */ = {isa = PBXFileReference; lastKnownFileType = sourcecode.swift; path = Note.swift; sourceTree = "<group>"; };
		633D77A52D47BDD50082122C /* Extensions.swift */ = {isa = PBXFileReference; lastKnownFileType = sourcecode.swift; path = Extensions.swift; sourceTree = "<group>"; };
		633D77AE2D47C93E0082122C /* Const.swift */ = {isa = PBXFileReference; lastKnownFileType = sourcecode.swift; path = Const.swift; sourceTree = "<group>"; };
		6347528C2D485442009C6C99 /* ContextMenu.swift */ = {isa = PBXFileReference; lastKnownFileType = sourcecode.swift; path = ContextMenu.swift; sourceTree = "<group>"; };
		6347528F2D485612009C6C99 /* ContextMenuTypes.swift */ = {isa = PBXFileReference; lastKnownFileType = sourcecode.swift; path = ContextMenuTypes.swift; sourceTree = "<group>"; };
		634752912D485662009C6C99 /* HomeScreen.swift */ = {isa = PBXFileReference; lastKnownFileType = sourcecode.swift; path = HomeScreen.swift; sourceTree = "<group>"; };
		634752932D4856D7009C6C99 /* ToDoView.swift */ = {isa = PBXFileReference; lastKnownFileType = sourcecode.swift; path = ToDoView.swift; sourceTree = "<group>"; };
		6358F6172D50F1CC00F86178 /* Interactor.swift */ = {isa = PBXFileReference; lastKnownFileType = sourcecode.swift; path = Interactor.swift; sourceTree = "<group>"; };
		6358F6192D50F1D200F86178 /* Presenter.swift */ = {isa = PBXFileReference; lastKnownFileType = sourcecode.swift; path = Presenter.swift; sourceTree = "<group>"; };
		6358F61B2D50F74900F86178 /* CoreDataStack.swift */ = {isa = PBXFileReference; lastKnownFileType = sourcecode.swift; path = CoreDataStack.swift; sourceTree = "<group>"; };
		636E8CFC2D518D5100E805FE /* Router.swift */ = {isa = PBXFileReference; lastKnownFileType = sourcecode.swift; path = Router.swift; sourceTree = "<group>"; };
		637B43C72D503A7300841C1C /* ToDoListTests.xctest */ = {isa = PBXFileReference; explicitFileType = wrapper.cfbundle; includeInIndex = 0; path = ToDoListTests.xctest; sourceTree = BUILT_PRODUCTS_DIR; };
		637B43C92D503A7300841C1C /* RouterTests.swift */ = {isa = PBXFileReference; lastKnownFileType = sourcecode.swift; path = RouterTests.swift; sourceTree = "<group>"; };
		637B43D22D503AEE00841C1C /* CoreDataTest.swift */ = {isa = PBXFileReference; lastKnownFileType = sourcecode.swift; path = CoreDataTest.swift; sourceTree = "<group>"; };
		63ECBADC2D51A8110024A168 /* NetworkService.swift */ = {isa = PBXFileReference; lastKnownFileType = sourcecode.swift; path = NetworkService.swift; sourceTree = "<group>"; };
		63F4C0FF2D504EA300081DEA /* ToDoNote+CoreDataClass.swift */ = {isa = PBXFileReference; lastKnownFileType = sourcecode.swift; path = "ToDoNote+CoreDataClass.swift"; sourceTree = "<group>"; };
		63F4C1002D504EA300081DEA /* ToDoNote+CoreDataProperties.swift */ = {isa = PBXFileReference; lastKnownFileType = sourcecode.swift; path = "ToDoNote+CoreDataProperties.swift"; sourceTree = "<group>"; };
/* End PBXFileReference section */

/* Begin PBXFrameworksBuildPhase section */
		633D778D2D47B4CE0082122C /* Frameworks */ = {
			isa = PBXFrameworksBuildPhase;
			buildActionMask = 2147483647;
			files = (
			);
			runOnlyForDeploymentPostprocessing = 0;
		};
		637B43C42D503A7300841C1C /* Frameworks */ = {
			isa = PBXFrameworksBuildPhase;
			buildActionMask = 2147483647;
			files = (
			);
			runOnlyForDeploymentPostprocessing = 0;
		};
/* End PBXFrameworksBuildPhase section */

/* Begin PBXGroup section */
		63241AD32D4EB858000D2730 /* CoreData */ = {
			isa = PBXGroup;
			children = (
				6358F61B2D50F74900F86178 /* CoreDataStack.swift */,
				63F4C0FF2D504EA300081DEA /* ToDoNote+CoreDataClass.swift */,
				63F4C1002D504EA300081DEA /* ToDoNote+CoreDataProperties.swift */,
				63247DB72D4FFD9A004883FB /* Persistence.swift */,
				63247DC52D50072E004883FB /* CoreDataExtensions.swift */,
				63241AD02D4EB844000D2730 /* ToDoNotes.xcdatamodeld */,
			);
			path = CoreData;
			sourceTree = "<group>";
		};
		63272CFA2D4BF98A005814CC /* Router */ = {
			isa = PBXGroup;
			children = (
				636E8CFC2D518D5100E805FE /* Router.swift */,
			);
			path = Router;
			sourceTree = "<group>";
		};
		633D77872D47B4CE0082122C = {
			isa = PBXGroup;
			children = (
				633D77922D47B4CE0082122C /* ToDoList */,
				637B43C82D503A7300841C1C /* ToDoListTests */,
				633D77912D47B4CE0082122C /* Products */,
			);
			sourceTree = "<group>";
		};
		633D77912D47B4CE0082122C /* Products */ = {
			isa = PBXGroup;
			children = (
				633D77902D47B4CE0082122C /* ToDoList.app */,
				637B43C72D503A7300841C1C /* ToDoListTests.xctest */,
			);
			name = Products;
			sourceTree = "<group>";
		};
		633D77922D47B4CE0082122C /* ToDoList */ = {
			isa = PBXGroup;
			children = (
				633D77932D47B4CE0082122C /* ToDoListApp.swift */,
				633D77AB2D47C77F0082122C /* View */,
				63ECBADA2D51A3AA0024A168 /* Interactor */,
				63ECBADB2D51A3D20024A168 /* Presenter */,
				633D77AC2D47C78D0082122C /* Entity */,
				63272CFA2D4BF98A005814CC /* Router */,
				6347528E2D48546D009C6C99 /* Utility */,
				633D77972D47B4D20082122C /* Assets.xcassets */,
				633D77992D47B4D20082122C /* Preview Content */,
			);
			path = ToDoList;
			sourceTree = "<group>";
		};
		633D77992D47B4D20082122C /* Preview Content */ = {
			isa = PBXGroup;
			children = (
				633D779A2D47B4D20082122C /* Preview Assets.xcassets */,
			);
			path = "Preview Content";
			sourceTree = "<group>";
		};
		633D77AB2D47C77F0082122C /* View */ = {
			isa = PBXGroup;
			children = (
				634752912D485662009C6C99 /* HomeScreen.swift */,
				633D77952D47B4CE0082122C /* ToDoListView.swift */,
				633D77A12D47B80A0082122C /* ToDoRowView.swift */,
				634752932D4856D7009C6C99 /* ToDoView.swift */,
			);
			path = View;
			sourceTree = "<group>";
		};
		633D77AC2D47C78D0082122C /* Entity */ = {
			isa = PBXGroup;
			children = (
				63241AD32D4EB858000D2730 /* CoreData */,
				633D77A32D47B8380082122C /* Note.swift */,
			);
			path = Entity;
			sourceTree = "<group>";
		};
		6347528E2D48546D009C6C99 /* Utility */ = {
			isa = PBXGroup;
			children = (
				633D77A52D47BDD50082122C /* Extensions.swift */,
				63272CFB2D4BFC28005814CC /* ActivityView.swift */,
				633D77AE2D47C93E0082122C /* Const.swift */,
				6347528F2D485612009C6C99 /* ContextMenuTypes.swift */,
				6347528C2D485442009C6C99 /* ContextMenu.swift */,
			);
			path = Utility;
			sourceTree = "<group>";
		};
		637B43C82D503A7300841C1C /* ToDoListTests */ = {
			isa = PBXGroup;
			children = (
				637B43C92D503A7300841C1C /* RouterTests.swift */,
				637B43D22D503AEE00841C1C /* CoreDataTest.swift */,
			);
			path = ToDoListTests;
			sourceTree = "<group>";
		};
		63ECBADA2D51A3AA0024A168 /* Interactor */ = {
			isa = PBXGroup;
			children = (
				6358F6172D50F1CC00F86178 /* Interactor.swift */,
				63ECBADC2D51A8110024A168 /* NetworkService.swift */,
			);
			path = Interactor;
			sourceTree = "<group>";
		};
		63ECBADB2D51A3D20024A168 /* Presenter */ = {
			isa = PBXGroup;
			children = (
				6358F6192D50F1D200F86178 /* Presenter.swift */,
			);
			path = Presenter;
			sourceTree = "<group>";
		};
/* End PBXGroup section */

/* Begin PBXNativeTarget section */
		633D778F2D47B4CE0082122C /* ToDoList */ = {
			isa = PBXNativeTarget;
			buildConfigurationList = 633D779E2D47B4D20082122C /* Build configuration list for PBXNativeTarget "ToDoList" */;
			buildPhases = (
				633D778C2D47B4CE0082122C /* Sources */,
				633D778D2D47B4CE0082122C /* Frameworks */,
				633D778E2D47B4CE0082122C /* Resources */,
			);
			buildRules = (
			);
			dependencies = (
			);
			name = ToDoList;
			productName = ToDoList;
			productReference = 633D77902D47B4CE0082122C /* ToDoList.app */;
			productType = "com.apple.product-type.application";
		};
		637B43C62D503A7300841C1C /* ToDoListTests */ = {
			isa = PBXNativeTarget;
			buildConfigurationList = 637B43CD2D503A7300841C1C /* Build configuration list for PBXNativeTarget "ToDoListTests" */;
			buildPhases = (
				637B43C32D503A7300841C1C /* Sources */,
				637B43C42D503A7300841C1C /* Frameworks */,
				637B43C52D503A7300841C1C /* Resources */,
			);
			buildRules = (
			);
			dependencies = (
				637B43CC2D503A7300841C1C /* PBXTargetDependency */,
			);
			name = ToDoListTests;
			productName = ToDoListTests;
			productReference = 637B43C72D503A7300841C1C /* ToDoListTests.xctest */;
			productType = "com.apple.product-type.bundle.unit-test";
		};
/* End PBXNativeTarget section */

/* Begin PBXProject section */
		633D77882D47B4CE0082122C /* Project object */ = {
			isa = PBXProject;
			attributes = {
				BuildIndependentTargetsInParallel = 1;
				LastSwiftUpdateCheck = 1500;
				LastUpgradeCheck = 1500;
				TargetAttributes = {
					633D778F2D47B4CE0082122C = {
						CreatedOnToolsVersion = 15.0.1;
					};
					637B43C62D503A7300841C1C = {
						CreatedOnToolsVersion = 15.0.1;
						TestTargetID = 633D778F2D47B4CE0082122C;
					};
				};
			};
			buildConfigurationList = 633D778B2D47B4CE0082122C /* Build configuration list for PBXProject "ToDoList" */;
			compatibilityVersion = "Xcode 14.0";
			developmentRegion = en;
			hasScannedForEncodings = 0;
			knownRegions = (
				en,
				Base,
			);
			mainGroup = 633D77872D47B4CE0082122C;
			productRefGroup = 633D77912D47B4CE0082122C /* Products */;
			projectDirPath = "";
			projectRoot = "";
			targets = (
				633D778F2D47B4CE0082122C /* ToDoList */,
				637B43C62D503A7300841C1C /* ToDoListTests */,
			);
		};
/* End PBXProject section */

/* Begin PBXResourcesBuildPhase section */
		633D778E2D47B4CE0082122C /* Resources */ = {
			isa = PBXResourcesBuildPhase;
			buildActionMask = 2147483647;
			files = (
				633D779B2D47B4D20082122C /* Preview Assets.xcassets in Resources */,
				633D77982D47B4D20082122C /* Assets.xcassets in Resources */,
			);
			runOnlyForDeploymentPostprocessing = 0;
		};
		637B43C52D503A7300841C1C /* Resources */ = {
			isa = PBXResourcesBuildPhase;
			buildActionMask = 2147483647;
			files = (
			);
			runOnlyForDeploymentPostprocessing = 0;
		};
/* End PBXResourcesBuildPhase section */

/* Begin PBXSourcesBuildPhase section */
		633D778C2D47B4CE0082122C /* Sources */ = {
			isa = PBXSourcesBuildPhase;
			buildActionMask = 2147483647;
			files = (
				636E8CFD2D518D5100E805FE /* Router.swift in Sources */,
				6358F61C2D50F74900F86178 /* CoreDataStack.swift in Sources */,
				634752942D4856D7009C6C99 /* ToDoView.swift in Sources */,
				63247DB82D4FFD9A004883FB /* Persistence.swift in Sources */,
				633D77A62D47BDD50082122C /* Extensions.swift in Sources */,
				633D77962D47B4CE0082122C /* ToDoListView.swift in Sources */,
				6347528D2D485442009C6C99 /* ContextMenu.swift in Sources */,
				63F4C1022D504EA300081DEA /* ToDoNote+CoreDataProperties.swift in Sources */,
				633D77A22D47B80A0082122C /* ToDoRowView.swift in Sources */,
				63247DC62D50072E004883FB /* CoreDataExtensions.swift in Sources */,
				633D77AF2D47C93E0082122C /* Const.swift in Sources */,
				634752922D485662009C6C99 /* HomeScreen.swift in Sources */,
				633D77942D47B4CE0082122C /* ToDoListApp.swift in Sources */,
				63ECBADD2D51A8110024A168 /* NetworkService.swift in Sources */,
				63F4C1012D504EA300081DEA /* ToDoNote+CoreDataClass.swift in Sources */,
				6358F61A2D50F1D200F86178 /* Presenter.swift in Sources */,
				634752902D485612009C6C99 /* ContextMenuTypes.swift in Sources */,
				6358F6182D50F1CC00F86178 /* Interactor.swift in Sources */,
				63272CFC2D4BFC28005814CC /* ActivityView.swift in Sources */,
				633D77A42D47B8380082122C /* Note.swift in Sources */,
				63241AD22D4EB844000D2730 /* ToDoNotes.xcdatamodeld in Sources */,
			);
			runOnlyForDeploymentPostprocessing = 0;
		};
		637B43C32D503A7300841C1C /* Sources */ = {
			isa = PBXSourcesBuildPhase;
			buildActionMask = 2147483647;
			files = (
				637B43D32D503AEE00841C1C /* CoreDataTest.swift in Sources */,
				637B43CA2D503A7300841C1C /* RouterTests.swift in Sources */,
			);
			runOnlyForDeploymentPostprocessing = 0;
		};
/* End PBXSourcesBuildPhase section */

/* Begin PBXTargetDependency section */
		637B43CC2D503A7300841C1C /* PBXTargetDependency */ = {
			isa = PBXTargetDependency;
			target = 633D778F2D47B4CE0082122C /* ToDoList */;
			targetProxy = 637B43CB2D503A7300841C1C /* PBXContainerItemProxy */;
		};
/* End PBXTargetDependency section */

/* Begin XCBuildConfiguration section */
		633D779C2D47B4D20082122C /* Debug */ = {
			isa = XCBuildConfiguration;
			buildSettings = {
				ALWAYS_SEARCH_USER_PATHS = NO;
				ASSETCATALOG_COMPILER_GENERATE_SWIFT_ASSET_SYMBOL_EXTENSIONS = YES;
				CLANG_ANALYZER_NONNULL = YES;
				CLANG_ANALYZER_NUMBER_OBJECT_CONVERSION = YES_AGGRESSIVE;
				CLANG_CXX_LANGUAGE_STANDARD = "gnu++20";
				CLANG_ENABLE_MODULES = YES;
				CLANG_ENABLE_OBJC_ARC = YES;
				CLANG_ENABLE_OBJC_WEAK = YES;
				CLANG_WARN_BLOCK_CAPTURE_AUTORELEASING = YES;
				CLANG_WARN_BOOL_CONVERSION = YES;
				CLANG_WARN_COMMA = YES;
				CLANG_WARN_CONSTANT_CONVERSION = YES;
				CLANG_WARN_DEPRECATED_OBJC_IMPLEMENTATIONS = YES;
				CLANG_WARN_DIRECT_OBJC_ISA_USAGE = YES_ERROR;
				CLANG_WARN_DOCUMENTATION_COMMENTS = YES;
				CLANG_WARN_EMPTY_BODY = YES;
				CLANG_WARN_ENUM_CONVERSION = YES;
				CLANG_WARN_INFINITE_RECURSION = YES;
				CLANG_WARN_INT_CONVERSION = YES;
				CLANG_WARN_NON_LITERAL_NULL_CONVERSION = YES;
				CLANG_WARN_OBJC_IMPLICIT_RETAIN_SELF = YES;
				CLANG_WARN_OBJC_LITERAL_CONVERSION = YES;
				CLANG_WARN_OBJC_ROOT_CLASS = YES_ERROR;
				CLANG_WARN_QUOTED_INCLUDE_IN_FRAMEWORK_HEADER = YES;
				CLANG_WARN_RANGE_LOOP_ANALYSIS = YES;
				CLANG_WARN_STRICT_PROTOTYPES = YES;
				CLANG_WARN_SUSPICIOUS_MOVE = YES;
				CLANG_WARN_UNGUARDED_AVAILABILITY = YES_AGGRESSIVE;
				CLANG_WARN_UNREACHABLE_CODE = YES;
				CLANG_WARN__DUPLICATE_METHOD_MATCH = YES;
				COPY_PHASE_STRIP = NO;
				DEBUG_INFORMATION_FORMAT = dwarf;
				ENABLE_STRICT_OBJC_MSGSEND = YES;
				ENABLE_TESTABILITY = YES;
				ENABLE_USER_SCRIPT_SANDBOXING = YES;
				GCC_C_LANGUAGE_STANDARD = gnu17;
				GCC_DYNAMIC_NO_PIC = NO;
				GCC_NO_COMMON_BLOCKS = YES;
				GCC_OPTIMIZATION_LEVEL = 0;
				GCC_PREPROCESSOR_DEFINITIONS = (
					"DEBUG=1",
					"$(inherited)",
				);
				GCC_WARN_64_TO_32_BIT_CONVERSION = YES;
				GCC_WARN_ABOUT_RETURN_TYPE = YES_ERROR;
				GCC_WARN_UNDECLARED_SELECTOR = YES;
				GCC_WARN_UNINITIALIZED_AUTOS = YES_AGGRESSIVE;
				GCC_WARN_UNUSED_FUNCTION = YES;
				GCC_WARN_UNUSED_VARIABLE = YES;
				IPHONEOS_DEPLOYMENT_TARGET = 17.0;
				LOCALIZATION_PREFERS_STRING_CATALOGS = YES;
				MTL_ENABLE_DEBUG_INFO = INCLUDE_SOURCE;
				MTL_FAST_MATH = YES;
				ONLY_ACTIVE_ARCH = YES;
				SDKROOT = iphoneos;
				SWIFT_ACTIVE_COMPILATION_CONDITIONS = "DEBUG $(inherited)";
				SWIFT_OPTIMIZATION_LEVEL = "-Onone";
			};
			name = Debug;
		};
		633D779D2D47B4D20082122C /* Release */ = {
			isa = XCBuildConfiguration;
			buildSettings = {
				ALWAYS_SEARCH_USER_PATHS = NO;
				ASSETCATALOG_COMPILER_GENERATE_SWIFT_ASSET_SYMBOL_EXTENSIONS = YES;
				CLANG_ANALYZER_NONNULL = YES;
				CLANG_ANALYZER_NUMBER_OBJECT_CONVERSION = YES_AGGRESSIVE;
				CLANG_CXX_LANGUAGE_STANDARD = "gnu++20";
				CLANG_ENABLE_MODULES = YES;
				CLANG_ENABLE_OBJC_ARC = YES;
				CLANG_ENABLE_OBJC_WEAK = YES;
				CLANG_WARN_BLOCK_CAPTURE_AUTORELEASING = YES;
				CLANG_WARN_BOOL_CONVERSION = YES;
				CLANG_WARN_COMMA = YES;
				CLANG_WARN_CONSTANT_CONVERSION = YES;
				CLANG_WARN_DEPRECATED_OBJC_IMPLEMENTATIONS = YES;
				CLANG_WARN_DIRECT_OBJC_ISA_USAGE = YES_ERROR;
				CLANG_WARN_DOCUMENTATION_COMMENTS = YES;
				CLANG_WARN_EMPTY_BODY = YES;
				CLANG_WARN_ENUM_CONVERSION = YES;
				CLANG_WARN_INFINITE_RECURSION = YES;
				CLANG_WARN_INT_CONVERSION = YES;
				CLANG_WARN_NON_LITERAL_NULL_CONVERSION = YES;
				CLANG_WARN_OBJC_IMPLICIT_RETAIN_SELF = YES;
				CLANG_WARN_OBJC_LITERAL_CONVERSION = YES;
				CLANG_WARN_OBJC_ROOT_CLASS = YES_ERROR;
				CLANG_WARN_QUOTED_INCLUDE_IN_FRAMEWORK_HEADER = YES;
				CLANG_WARN_RANGE_LOOP_ANALYSIS = YES;
				CLANG_WARN_STRICT_PROTOTYPES = YES;
				CLANG_WARN_SUSPICIOUS_MOVE = YES;
				CLANG_WARN_UNGUARDED_AVAILABILITY = YES_AGGRESSIVE;
				CLANG_WARN_UNREACHABLE_CODE = YES;
				CLANG_WARN__DUPLICATE_METHOD_MATCH = YES;
				COPY_PHASE_STRIP = NO;
				DEBUG_INFORMATION_FORMAT = "dwarf-with-dsym";
				ENABLE_NS_ASSERTIONS = NO;
				ENABLE_STRICT_OBJC_MSGSEND = YES;
				ENABLE_USER_SCRIPT_SANDBOXING = YES;
				GCC_C_LANGUAGE_STANDARD = gnu17;
				GCC_NO_COMMON_BLOCKS = YES;
				GCC_WARN_64_TO_32_BIT_CONVERSION = YES;
				GCC_WARN_ABOUT_RETURN_TYPE = YES_ERROR;
				GCC_WARN_UNDECLARED_SELECTOR = YES;
				GCC_WARN_UNINITIALIZED_AUTOS = YES_AGGRESSIVE;
				GCC_WARN_UNUSED_FUNCTION = YES;
				GCC_WARN_UNUSED_VARIABLE = YES;
				IPHONEOS_DEPLOYMENT_TARGET = 17.0;
				LOCALIZATION_PREFERS_STRING_CATALOGS = YES;
				MTL_ENABLE_DEBUG_INFO = NO;
				MTL_FAST_MATH = YES;
				SDKROOT = iphoneos;
				SWIFT_COMPILATION_MODE = wholemodule;
				VALIDATE_PRODUCT = YES;
			};
			name = Release;
		};
		633D779F2D47B4D20082122C /* Debug */ = {
			isa = XCBuildConfiguration;
			buildSettings = {
				ASSETCATALOG_COMPILER_APPICON_NAME = AppIcon;
				ASSETCATALOG_COMPILER_GLOBAL_ACCENT_COLOR_NAME = AccentColor;
				CODE_SIGN_STYLE = Automatic;
				CURRENT_PROJECT_VERSION = 1;
				DEVELOPMENT_ASSET_PATHS = "\"ToDoList/Preview Content\"";
				DEVELOPMENT_TEAM = SC29G87YTT;
				ENABLE_PREVIEWS = YES;
				GENERATE_INFOPLIST_FILE = YES;
				INFOPLIST_KEY_UIApplicationSceneManifest_Generation = YES;
				INFOPLIST_KEY_UIApplicationSupportsIndirectInputEvents = YES;
				INFOPLIST_KEY_UILaunchScreen_Generation = YES;
				INFOPLIST_KEY_UISupportedInterfaceOrientations_iPad = "UIInterfaceOrientationPortrait UIInterfaceOrientationPortraitUpsideDown UIInterfaceOrientationLandscapeLeft UIInterfaceOrientationLandscapeRight";
				INFOPLIST_KEY_UISupportedInterfaceOrientations_iPhone = "UIInterfaceOrientationPortrait UIInterfaceOrientationLandscapeLeft UIInterfaceOrientationLandscapeRight";
				IPHONEOS_DEPLOYMENT_TARGET = 15.0;
				LD_RUNPATH_SEARCH_PATHS = (
					"$(inherited)",
					"@executable_path/Frameworks",
				);
				MARKETING_VERSION = 1.0;
				PRODUCT_BUNDLE_IDENTIFIER = "com.example.apple-samplecode.ToDoList";
				PRODUCT_NAME = "$(TARGET_NAME)";
				SWIFT_EMIT_LOC_STRINGS = YES;
				SWIFT_VERSION = 5.0;
				TARGETED_DEVICE_FAMILY = "1,2";
			};
			name = Debug;
		};
		633D77A02D47B4D20082122C /* Release */ = {
			isa = XCBuildConfiguration;
			buildSettings = {
				ASSETCATALOG_COMPILER_APPICON_NAME = AppIcon;
				ASSETCATALOG_COMPILER_GLOBAL_ACCENT_COLOR_NAME = AccentColor;
				CODE_SIGN_STYLE = Automatic;
				CURRENT_PROJECT_VERSION = 1;
				DEVELOPMENT_ASSET_PATHS = "\"ToDoList/Preview Content\"";
				DEVELOPMENT_TEAM = SC29G87YTT;
				ENABLE_PREVIEWS = YES;
				GENERATE_INFOPLIST_FILE = YES;
				INFOPLIST_KEY_UIApplicationSceneManifest_Generation = YES;
				INFOPLIST_KEY_UIApplicationSupportsIndirectInputEvents = YES;
				INFOPLIST_KEY_UILaunchScreen_Generation = YES;
				INFOPLIST_KEY_UISupportedInterfaceOrientations_iPad = "UIInterfaceOrientationPortrait UIInterfaceOrientationPortraitUpsideDown UIInterfaceOrientationLandscapeLeft UIInterfaceOrientationLandscapeRight";
				INFOPLIST_KEY_UISupportedInterfaceOrientations_iPhone = "UIInterfaceOrientationPortrait UIInterfaceOrientationLandscapeLeft UIInterfaceOrientationLandscapeRight";
				IPHONEOS_DEPLOYMENT_TARGET = 15.0;
				LD_RUNPATH_SEARCH_PATHS = (
					"$(inherited)",
					"@executable_path/Frameworks",
				);
				MARKETING_VERSION = 1.0;
				PRODUCT_BUNDLE_IDENTIFIER = "com.example.apple-samplecode.ToDoList";
				PRODUCT_NAME = "$(TARGET_NAME)";
				SWIFT_EMIT_LOC_STRINGS = YES;
				SWIFT_VERSION = 5.0;
				TARGETED_DEVICE_FAMILY = "1,2";
			};
			name = Release;
		};
		637B43CE2D503A7300841C1C /* Debug */ = {
			isa = XCBuildConfiguration;
			buildSettings = {
				BUNDLE_LOADER = "$(TEST_HOST)";
				CODE_SIGN_STYLE = Automatic;
				CURRENT_PROJECT_VERSION = 1;
				DEVELOPMENT_TEAM = SC29G87YTT;
				GENERATE_INFOPLIST_FILE = YES;
				MARKETING_VERSION = 1.0;
				PRODUCT_BUNDLE_IDENTIFIER = "com.example.apple-samplecode.ToDoListTests";
				PRODUCT_NAME = "$(TARGET_NAME)";
				SWIFT_EMIT_LOC_STRINGS = NO;
				SWIFT_VERSION = 5.0;
				TARGETED_DEVICE_FAMILY = "1,2";
				TEST_HOST = "$(BUILT_PRODUCTS_DIR)/ToDoList.app/$(BUNDLE_EXECUTABLE_FOLDER_PATH)/ToDoList";
			};
			name = Debug;
		};
		637B43CF2D503A7300841C1C /* Release */ = {
			isa = XCBuildConfiguration;
			buildSettings = {
				BUNDLE_LOADER = "$(TEST_HOST)";
				CODE_SIGN_STYLE = Automatic;
				CURRENT_PROJECT_VERSION = 1;
				DEVELOPMENT_TEAM = SC29G87YTT;
				GENERATE_INFOPLIST_FILE = YES;
				MARKETING_VERSION = 1.0;
				PRODUCT_BUNDLE_IDENTIFIER = "com.example.apple-samplecode.ToDoListTests";
				PRODUCT_NAME = "$(TARGET_NAME)";
				SWIFT_EMIT_LOC_STRINGS = NO;
				SWIFT_VERSION = 5.0;
				TARGETED_DEVICE_FAMILY = "1,2";
				TEST_HOST = "$(BUILT_PRODUCTS_DIR)/ToDoList.app/$(BUNDLE_EXECUTABLE_FOLDER_PATH)/ToDoList";
			};
			name = Release;
		};
/* End XCBuildConfiguration section */

/* Begin XCConfigurationList section */
		633D778B2D47B4CE0082122C /* Build configuration list for PBXProject "ToDoList" */ = {
			isa = XCConfigurationList;
			buildConfigurations = (
				633D779C2D47B4D20082122C /* Debug */,
				633D779D2D47B4D20082122C /* Release */,
			);
			defaultConfigurationIsVisible = 0;
			defaultConfigurationName = Release;
		};
		633D779E2D47B4D20082122C /* Build configuration list for PBXNativeTarget "ToDoList" */ = {
			isa = XCConfigurationList;
			buildConfigurations = (
				633D779F2D47B4D20082122C /* Debug */,
				633D77A02D47B4D20082122C /* Release */,
			);
			defaultConfigurationIsVisible = 0;
			defaultConfigurationName = Release;
		};
		637B43CD2D503A7300841C1C /* Build configuration list for PBXNativeTarget "ToDoListTests" */ = {
			isa = XCConfigurationList;
			buildConfigurations = (
				637B43CE2D503A7300841C1C /* Debug */,
				637B43CF2D503A7300841C1C /* Release */,
			);
			defaultConfigurationIsVisible = 0;
			defaultConfigurationName = Release;
		};
/* End XCConfigurationList section */

/* Begin XCVersionGroup section */
		63241AD02D4EB844000D2730 /* ToDoNotes.xcdatamodeld */ = {
			isa = XCVersionGroup;
			children = (
				63241AD12D4EB844000D2730 /* ToDoNotes.xcdatamodel */,
			);
			currentVersion = 63241AD12D4EB844000D2730 /* ToDoNotes.xcdatamodel */;
			path = ToDoNotes.xcdatamodeld;
			sourceTree = "<group>";
			versionGroupType = wrapper.xcdatamodel;
		};
/* End XCVersionGroup section */
	};
	rootObject = 633D77882D47B4CE0082122C /* Project object */;
}
